
Microsoft Visual Studio Solution File, Format Version 12.00
Project("{FAE04EC0-301F-11D3-BF4B-00C04F79EFBC}") = "TypeMapping", "TypeMapping\TypeMapping.csproj", "{EE862832-E0ED-441D-8C8A-7386BB48AD1B}"
EndProject
Global
	GlobalSection(SolutionConfigurationPlatforms) = preSolution
		Debug|Any CPU = Debug|Any CPU
		Release|Any CPU = Release|Any CPU
	EndGlobalSection
	GlobalSection(ProjectConfigurationPlatforms) = postSolution
		{EE862832-E0ED-441D-8C8A-7386BB48AD1B}.Debug|Any CPU.ActiveCfg = Debug|Any CPU
		{EE862832-E0ED-441D-8C8A-7386BB48AD1B}.Debug|Any CPU.Build.0 = Debug|Any CPU
		{EE862832-E0ED-441D-8C8A-7386BB48AD1B}.Release|Any CPU.ActiveCfg = Release|Any CPU
		{EE862832-E0ED-441D-8C8A-7386BB48AD1B}.Release|Any CPU.Build.0 = Release|Any CPU
	EndGlobalSection
EndGlobal
